<?xml version="1.0" encoding="utf-8"?>
<Project ToolsVersion="4.0" xmlns="http://schemas.microsoft.com/developer/msbuild/2003">
  <ItemGroup>
    <Filter Include="源文件">
      <UniqueIdentifier>{4FC737F1-C7A5-4376-A066-2A32D752A2FF}</UniqueIdentifier>
      <Extensions>cpp;c;cc;cxx;c++;cppm;ixx;def;odl;idl;hpj;bat;asm;asmx</Extensions>
    </Filter>
    <Filter Include="头文件">
      <UniqueIdentifier>{93995380-89BD-4b04-88EB-625FBE52EBFB}</UniqueIdentifier>
      <Extensions>h;hh;hpp;hxx;h++;hm;inl;inc;ipp;xsd</Extensions>
    </Filter>
    <Filter Include="资源文件">
      <UniqueIdentifier>{67DA6AB6-F800-4c08-8B7A-83BB121AAD01}</UniqueIdentifier>
      <Extensions>rc;ico;cur;bmp;dlg;rc2;rct;bin;rgs;gif;jpg;jpeg;jpe;resx;tiff;tif;png;wav;mfcribbon-ms</Extensions>
    </Filter>
    <Filter Include="Shader">
      <UniqueIdentifier>{3b1caa74-adf9-4532-941f-6ab31de71120}</UniqueIdentifier>
    </Filter>
    <Filter Include="头文件\Drawable">
      <UniqueIdentifier>{7044af1c-f136-4108-affa-f10b449d038b}</UniqueIdentifier>
    </Filter>
    <Filter Include="头文件\BindEnable">
      <UniqueIdentifier>{ac3eabe2-ae07-4891-8d31-bc9818f21dce}</UniqueIdentifier>
    </Filter>
    <Filter Include="源文件\BindEnable">
      <UniqueIdentifier>{749102c7-8d25-44c2-8dc9-ffed94d1cfe6}</UniqueIdentifier>
    </Filter>
    <Filter Include="源文件\Drawable">
      <UniqueIdentifier>{3aff7f6f-6fcb-471e-b68e-2f57699c6ac9}</UniqueIdentifier>
    </Filter>
    <Filter Include="头文件\Geometry">
      <UniqueIdentifier>{261452e1-8cae-4230-bbfc-79492b782458}</UniqueIdentifier>
    </Filter>
    <Filter Include="头文件\Application">
      <UniqueIdentifier>{1bb10115-0bd7-4843-9416-880334e7098a}</UniqueIdentifier>
    </Filter>
    <Filter Include="源文件\Application">
      <UniqueIdentifier>{8b646c09-8bcc-475c-b09e-ecda17abb02c}</UniqueIdentifier>
    </Filter>
    <Filter Include="源文件\Geometry">
      <UniqueIdentifier>{b46548dd-cf4c-4bdc-9bc2-a72e08ad5050}</UniqueIdentifier>
    </Filter>
    <Filter Include="imgui">
      <UniqueIdentifier>{91b813b2-5e89-4fc5-a7db-4c010ed22ede}</UniqueIdentifier>
    </Filter>
    <Filter Include="头文件\Uility">
      <UniqueIdentifier>{4253cb53-6816-499c-a4a6-9a3fa9b1f786}</UniqueIdentifier>
    </Filter>
    <Filter Include="源文件\Utility">
      <UniqueIdentifier>{5fb7db5c-4612-45da-8800-7a2c2899385c}</UniqueIdentifier>
    </Filter>
  </ItemGroup>
  <ItemGroup>
    <ClCompile Include="ConstantBuffer.cpp">
      <Filter>源文件\BindEnable</Filter>
    </ClCompile>
    <ClCompile Include="Bindable.cpp">
      <Filter>源文件\BindEnable</Filter>
    </ClCompile>
    <ClCompile Include="IndexBuffer.cpp">
      <Filter>源文件\BindEnable</Filter>
    </ClCompile>
    <ClCompile Include="InputLayout.cpp">
      <Filter>源文件\BindEnable</Filter>
    </ClCompile>
    <ClCompile Include="PixelShader.cpp">
      <Filter>源文件\BindEnable</Filter>
    </ClCompile>
    <ClCompile Include="PrimitiveTology.cpp">
      <Filter>源文件\BindEnable</Filter>
    </ClCompile>
    <ClCompile Include="VertexBuffer.cpp">
      <Filter>源文件\BindEnable</Filter>
    </ClCompile>
    <ClCompile Include="VertexShader.cpp">
      <Filter>源文件\BindEnable</Filter>
    </ClCompile>
    <ClCompile Include="Box.cpp">
      <Filter>源文件\Drawable</Filter>
    </ClCompile>
    <ClCompile Include="Transform.cpp">
      <Filter>源文件\BindEnable</Filter>
    </ClCompile>
    <ClCompile Include="Drawable.cpp">
      <Filter>源文件\Drawable</Filter>
    </ClCompile>
    <ClCompile Include="line.cpp">
      <Filter>源文件\Drawable</Filter>
    </ClCompile>
    <ClCompile Include="DrawableBase.cpp">
      <Filter>源文件\Drawable</Filter>
    </ClCompile>
    <ClCompile Include="App.h">
      <Filter>头文件\Application</Filter>
    </ClCompile>
    <ClCompile Include="Exception.h">
      <Filter>头文件\Application</Filter>
    </ClCompile>
    <ClCompile Include="Sphere.cpp">
      <Filter>源文件\Geometry</Filter>
    </ClCompile>
    <ClCompile Include="IndexedTrigerList.cpp">
      <Filter>源文件\Geometry</Filter>
    </ClCompile>
    <ClCompile Include="App.cpp">
      <Filter>源文件\Application</Filter>
    </ClCompile>
    <ClCompile Include="Apps.cpp">
      <Filter>源文件\Application</Filter>
    </ClCompile>
    <ClCompile Include="Exception.cpp">
      <Filter>源文件\Application</Filter>
    </ClCompile>
    <ClCompile Include="Graphics.cpp">
      <Filter>源文件\Application</Filter>
    </ClCompile>
    <ClCompile Include="Keybord.cpp">
      <Filter>源文件\Application</Filter>
    </ClCompile>
    <ClCompile Include="Mouse.cpp">
      <Filter>源文件\Application</Filter>
    </ClCompile>
    <ClCompile Include="test.cpp">
      <Filter>源文件\Application</Filter>
    </ClCompile>
    <ClCompile Include="Window.cpp">
      <Filter>源文件\Application</Filter>
    </ClCompile>
    <ClCompile Include="WinMain.cpp">
      <Filter>源文件\Application</Filter>
    </ClCompile>
    <ClCompile Include="Melon.cpp">
      <Filter>源文件\Drawable</Filter>
    </ClCompile>
    <ClCompile Include="imgui\imgui.cpp">
      <Filter>imgui</Filter>
    </ClCompile>
    <ClCompile Include="imgui\imgui_demo.cpp">
      <Filter>imgui</Filter>
    </ClCompile>
    <ClCompile Include="imgui\imgui_draw.cpp">
      <Filter>imgui</Filter>
    </ClCompile>
    <ClCompile Include="imgui\imgui_tables.cpp">
      <Filter>imgui</Filter>
    </ClCompile>
    <ClCompile Include="imgui\imgui_widgets.cpp">
      <Filter>imgui</Filter>
    </ClCompile>
    <ClCompile Include="imgui\imgui_impl_dx11.cpp">
      <Filter>imgui</Filter>
    </ClCompile>
    <ClCompile Include="imgui\imgui_impl_win32.cpp">
      <Filter>imgui</Filter>
    </ClCompile>
    <ClCompile Include="ImGuiManager.h">
      <Filter>头文件\Application</Filter>
    </ClCompile>
    <ClCompile Include="ImGuiManager.cpp">
      <Filter>源文件\Application</Filter>
    </ClCompile>
    <ClCompile Include="PiontLight.cpp">
      <Filter>源文件\Drawable</Filter>
    </ClCompile>
    <ClCompile Include="SliderSphere.cpp">
      <Filter>源文件\Drawable</Filter>
    </ClCompile>
    <ClCompile Include="Camera.cpp">
      <Filter>源文件\Application</Filter>
    </ClCompile>
    <ClCompile Include="Math.cpp">
      <Filter>源文件\Utility</Filter>
    </ClCompile>
    <ClCompile Include="Timer.cpp">
      <Filter>源文件\Utility</Filter>
    </ClCompile>
    <ClCompile Include="Vertex.cpp">
      <Filter>源文件\Geometry</Filter>
    </ClCompile>
  </ItemGroup>
  <ItemGroup>
    <ClInclude Include="Bindable.h">
      <Filter>头文件\BindEnable</Filter>
    </ClInclude>
    <ClInclude Include="IndexBuffer.h">
      <Filter>头文件\BindEnable</Filter>
    </ClInclude>
    <ClInclude Include="VertexBuffer.h">
      <Filter>头文件\BindEnable</Filter>
    </ClInclude>
    <ClInclude Include="Drawable.h">
      <Filter>头文件\Drawable</Filter>
    </ClInclude>
    <ClInclude Include="VertexShader.h">
      <Filter>头文件\BindEnable</Filter>
    </ClInclude>
    <ClInclude Include="InputLayout.h">
      <Filter>头文件\BindEnable</Filter>
    </ClInclude>
    <ClInclude Include="PrimitiveTology.h">
      <Filter>头文件\BindEnable</Filter>
    </ClInclude>
    <ClInclude Include="PixelShader.h">
      <Filter>头文件\BindEnable</Filter>
    </ClInclude>
    <ClInclude Include="ConstantBuffer.h">
      <Filter>头文件\BindEnable</Filter>
    </ClInclude>
    <ClInclude Include="BindableBase.h">
      <Filter>头文件\BindEnable</Filter>
    </ClInclude>
    <ClInclude Include="Box.h">
      <Filter>头文件\Drawable</Filter>
    </ClInclude>
    <ClInclude Include="Transform.h">
      <Filter>头文件\BindEnable</Filter>
    </ClInclude>
    <ClInclude Include="line.h">
      <Filter>头文件\Drawable</Filter>
    </ClInclude>
    <ClInclude Include="DrawableBase.h">
      <Filter>头文件\Drawable</Filter>
    </ClInclude>
    <ClInclude Include="IndexedTrigerList.h">
      <Filter>头文件\Geometry</Filter>
    </ClInclude>
    <ClInclude Include="Sphere.h">
      <Filter>头文件\Geometry</Filter>
    </ClInclude>
    <ClInclude Include="Apps.h">
      <Filter>头文件\Application</Filter>
    </ClInclude>
    <ClInclude Include="Graphics.h">
      <Filter>头文件\Application</Filter>
    </ClInclude>
    <ClInclude Include="Keybord.h">
      <Filter>头文件\Application</Filter>
    </ClInclude>
    <ClInclude Include="Mouse.h">
      <Filter>头文件\Application</Filter>
    </ClInclude>
    <ClInclude Include="resource.h">
      <Filter>头文件\Application</Filter>
    </ClInclude>
    <ClInclude Include="test.h">
      <Filter>头文件\Application</Filter>
    </ClInclude>
    <ClInclude Include="Window.h">
      <Filter>头文件\Application</Filter>
    </ClInclude>
    <ClInclude Include="Plan.h">
      <Filter>头文件\Geometry</Filter>
    </ClInclude>
    <ClInclude Include="Cube.h">
      <Filter>头文件\Geometry</Filter>
    </ClInclude>
    <ClInclude Include="Cone.h">
      <Filter>头文件\Geometry</Filter>
    </ClInclude>
    <ClInclude Include="Prism.h">
      <Filter>头文件\Geometry</Filter>
    </ClInclude>
    <ClInclude Include="Melon.h">
      <Filter>头文件\Drawable</Filter>
    </ClInclude>
    <ClInclude Include="imgui\imconfig.h">
      <Filter>imgui</Filter>
    </ClInclude>
    <ClInclude Include="imgui\imgui.h">
      <Filter>imgui</Filter>
    </ClInclude>
    <ClInclude Include="imgui\imgui_internal.h">
      <Filter>imgui</Filter>
    </ClInclude>
    <ClInclude Include="imgui\imstb_rectpack.h">
      <Filter>imgui</Filter>
    </ClInclude>
    <ClInclude Include="imgui\imstb_textedit.h">
      <Filter>imgui</Filter>
    </ClInclude>
    <ClInclude Include="imgui\imstb_truetype.h">
      <Filter>imgui</Filter>
    </ClInclude>
    <ClInclude Include="imgui\imgui_impl_dx11.h">
      <Filter>imgui</Filter>
    </ClInclude>
    <ClInclude Include="imgui\imgui_impl_win32.h">
      <Filter>imgui</Filter>
    </ClInclude>
    <ClInclude Include="Camera.h">
      <Filter>头文件\Application</Filter>
    </ClInclude>
    <ClInclude Include="PiontLight.h">
      <Filter>头文件\Drawable</Filter>
    </ClInclude>
    <ClInclude Include="SliderSphere.h">
      <Filter>头文件\Drawable</Filter>
    </ClInclude>
    <ClInclude Include="testGraphics.h">
      <Filter>头文件\Drawable</Filter>
    </ClInclude>
    <ClInclude Include="Math.h">
      <Filter>头文件\Uility</Filter>
    </ClInclude>
    <ClInclude Include="Timer.h">
      <Filter>头文件\Uility</Filter>
    </ClInclude>
    <ClInclude Include="Vertex.h">
      <Filter>头文件\BindEnable</Filter>
    </ClInclude>
  </ItemGroup>
  <ItemGroup>
    <ResourceCompile Include="hw1.rc">
      <Filter>资源文件</Filter>
    </ResourceCompile>
  </ItemGroup>
  <ItemGroup>
    <Image Include="laopo.ico">
      <Filter>资源文件</Filter>
    </Image>
  </ItemGroup>
  <ItemGroup>
    <FxCompile Include="hlsl\ColorIndexVS.hlsl">
      <Filter>Shader</Filter>
    </FxCompile>
    <FxCompile Include="hlsl\ColorIndexPS.hlsl">
      <Filter>Shader</Filter>
    </FxCompile>
    <FxCompile Include="ColorBlendVS.hlsl">
      <Filter>Shader</Filter>
    </FxCompile>
    <FxCompile Include="ColorBlendPS.hlsl">
      <Filter>Shader</Filter>
    </FxCompile>
    <FxCompile Include="PhongVs.hlsl">
      <Filter>Shader</Filter>
    </FxCompile>
    <FxCompile Include="PhongPs.hlsl">
      <Filter>Shader</Filter>
    </FxCompile>
    <FxCompile Include="sliderVS.hlsl">
      <Filter>Shader</Filter>
    </FxCompile>
    <FxCompile Include="sliderPS.hlsl">
      <Filter>Shader</Filter>
    </FxCompile>
  </ItemGroup>
</Project>